// !$*UTF8*$!
{
	archiveVersion = 1;
	classes = {
	};
	objectVersion = 46;
	objects = {

/* Begin PBXBuildFile section */
		3C0C9D851DA8000600667282 /* MyTripsViewController.swift in Sources */ = {isa = PBXBuildFile; fileRef = 3C0C9D841DA8000600667282 /* MyTripsViewController.swift */; };
		3C0C9D871DA8096E00667282 /* PlanTripCellTableViewCell.swift in Sources */ = {isa = PBXBuildFile; fileRef = 3C0C9D861DA8096E00667282 /* PlanTripCellTableViewCell.swift */; };
		3C1B4CD81DB412CC00BA9979 /* AddButtonCell.swift in Sources */ = {isa = PBXBuildFile; fileRef = 3C1B4CD71DB412CC00BA9979 /* AddButtonCell.swift */; };
		3C44664E1DA3BC86006EA4B7 /* TestViewController.swift in Sources */ = {isa = PBXBuildFile; fileRef = 3C44664D1DA3BC86006EA4B7 /* TestViewController.swift */; };
		3C4466521DA456D8006EA4B7 /* PlanTripViewController.swift in Sources */ = {isa = PBXBuildFile; fileRef = 3C4466511DA456D8006EA4B7 /* PlanTripViewController.swift */; };
		3C4466541DA4580A006EA4B7 /* Trip.swift in Sources */ = {isa = PBXBuildFile; fileRef = 3C4466531DA4580A006EA4B7 /* Trip.swift */; };
		3C603C7F1DCB659E004712EF /* Step.swift in Sources */ = {isa = PBXBuildFile; fileRef = 3C603C7E1DCB659E004712EF /* Step.swift */; };
		3C8F27D21DB7D8AB00BAEEA6 /* MapTasks.swift in Sources */ = {isa = PBXBuildFile; fileRef = 3C8F27D11DB7D8AB00BAEEA6 /* MapTasks.swift */; };
		3C8F27D41DB8145D00BAEEA6 /* InviteFriendsVCViewController.swift in Sources */ = {isa = PBXBuildFile; fileRef = 3C8F27D31DB8145D00BAEEA6 /* InviteFriendsVCViewController.swift */; };
		3C8F27D61DB8185100BAEEA6 /* MenuViewController.swift in Sources */ = {isa = PBXBuildFile; fileRef = 3C8F27D51DB8185100BAEEA6 /* MenuViewController.swift */; };
		3C8F27E01DBAACAD00BAEEA6 /* Directions.swift in Sources */ = {isa = PBXBuildFile; fileRef = 3C8F27DF1DBAACAD00BAEEA6 /* Directions.swift */; };
		3C8F27E21DBAB55300BAEEA6 /* Route.swift in Sources */ = {isa = PBXBuildFile; fileRef = 3C8F27E11DBAB55300BAEEA6 /* Route.swift */; };
		3C8F27E41DBAB6C100BAEEA6 /* Leg.swift in Sources */ = {isa = PBXBuildFile; fileRef = 3C8F27E31DBAB6C100BAEEA6 /* Leg.swift */; };
		3C8F27E61DBAB74000BAEEA6 /* Distance.swift in Sources */ = {isa = PBXBuildFile; fileRef = 3C8F27E51DBAB74000BAEEA6 /* Distance.swift */; };
		3C8F27EA1DBBB0D400BAEEA6 /* CurrentTripVC.swift in Sources */ = {isa = PBXBuildFile; fileRef = 3C8F27E91DBBB0D400BAEEA6 /* CurrentTripVC.swift */; };
		3CD828CF1DC91DCE00C9262A /* AnalyzedTrip.swift in Sources */ = {isa = PBXBuildFile; fileRef = 3CD828CE1DC91DCE00C9262A /* AnalyzedTrip.swift */; };
		3CD828D11DC9264C00C9262A /* StopDetail.swift in Sources */ = {isa = PBXBuildFile; fileRef = 3CD828D01DC9264C00C9262A /* StopDetail.swift */; };
		3CD828D31DC92B5C00C9262A /* GeocodedWaypoint.swift in Sources */ = {isa = PBXBuildFile; fileRef = 3CD828D21DC92B5C00C9262A /* GeocodedWaypoint.swift */; };
		3CDB40D71DC9499D00E22FDD /* StartLocation.swift in Sources */ = {isa = PBXBuildFile; fileRef = 3CDB40D61DC9499D00E22FDD /* StartLocation.swift */; };
		3CDB40D91DCA4C0400E22FDD /* EndLocation.swift in Sources */ = {isa = PBXBuildFile; fileRef = 3CDB40D81DCA4C0400E22FDD /* EndLocation.swift */; };
		3CFC7C191DA04A5D00B3292F /* AppDelegate.swift in Sources */ = {isa = PBXBuildFile; fileRef = 3CFC7C181DA04A5D00B3292F /* AppDelegate.swift */; };
		3CFC7C1B1DA04A5D00B3292F /* ViewController.swift in Sources */ = {isa = PBXBuildFile; fileRef = 3CFC7C1A1DA04A5D00B3292F /* ViewController.swift */; };
		3CFC7C1E1DA04A5D00B3292F /* Main.storyboard in Resources */ = {isa = PBXBuildFile; fileRef = 3CFC7C1C1DA04A5D00B3292F /* Main.storyboard */; };
		3CFC7C201DA04A5D00B3292F /* Assets.xcassets in Resources */ = {isa = PBXBuildFile; fileRef = 3CFC7C1F1DA04A5D00B3292F /* Assets.xcassets */; };
		3CFC7C231DA04A5D00B3292F /* LaunchScreen.storyboard in Resources */ = {isa = PBXBuildFile; fileRef = 3CFC7C211DA04A5D00B3292F /* LaunchScreen.storyboard */; };
		3CFC7C2E1DA04A5E00B3292F /* Multi_RouteTests.swift in Sources */ = {isa = PBXBuildFile; fileRef = 3CFC7C2D1DA04A5E00B3292F /* Multi_RouteTests.swift */; };
		3CFC7C391DA04A5E00B3292F /* Multi_RouteUITests.swift in Sources */ = {isa = PBXBuildFile; fileRef = 3CFC7C381DA04A5E00B3292F /* Multi_RouteUITests.swift */; };
		3CFE7AEB1DBD83AA0086B6B1 /* MatrixDistance.swift in Sources */ = {isa = PBXBuildFile; fileRef = 3CFE7AEA1DBD83AA0086B6B1 /* MatrixDistance.swift */; };
		3CFE7AED1DBD93580086B6B1 /* Element.swift in Sources */ = {isa = PBXBuildFile; fileRef = 3CFE7AEC1DBD93580086B6B1 /* Element.swift */; };
		3CFE7AEF1DBD942C0086B6B1 /* Row.swift in Sources */ = {isa = PBXBuildFile; fileRef = 3CFE7AEE1DBD942C0086B6B1 /* Row.swift */; };
		A5AB57C9270855792856A194 /* Pods_Multi_Route.framework in Frameworks */ = {isa = PBXBuildFile; fileRef = 501596893E1344613460B9A6 /* Pods_Multi_Route.framework */; };
/* End PBXBuildFile section */

/* Begin PBXContainerItemProxy section */
		3CFC7C2A1DA04A5E00B3292F /* PBXContainerItemProxy */ = {
			isa = PBXContainerItemProxy;
			containerPortal = 3CFC7C0D1DA04A5D00B3292F /* Project object */;
			proxyType = 1;
			remoteGlobalIDString = 3CFC7C141DA04A5D00B3292F;
			remoteInfo = "Multi-Route";
		};
		3CFC7C351DA04A5E00B3292F /* PBXContainerItemProxy */ = {
			isa = PBXContainerItemProxy;
			containerPortal = 3CFC7C0D1DA04A5D00B3292F /* Project object */;
			proxyType = 1;
			remoteGlobalIDString = 3CFC7C141DA04A5D00B3292F;
			remoteInfo = "Multi-Route";
		};
/* End PBXContainerItemProxy section */

/* Begin PBXFileReference section */
		27242C8CA59CCA45CBFFBB66 /* Pods-Multi-Route.release.xcconfig */ = {isa = PBXFileReference; includeInIndex = 1; lastKnownFileType = text.xcconfig; name = "Pods-Multi-Route.release.xcconfig"; path = "Pods/Target Support Files/Pods-Multi-Route/Pods-Multi-Route.release.xcconfig"; sourceTree = "<group>"; };
		3C0C9D841DA8000600667282 /* MyTripsViewController.swift */ = {isa = PBXFileReference; fileEncoding = 4; lastKnownFileType = sourcecode.swift; path = MyTripsViewController.swift; sourceTree = "<group>"; };
		3C0C9D861DA8096E00667282 /* PlanTripCellTableViewCell.swift */ = {isa = PBXFileReference; fileEncoding = 4; lastKnownFileType = sourcecode.swift; path = PlanTripCellTableViewCell.swift; sourceTree = "<group>"; };
		3C1B4CD71DB412CC00BA9979 /* AddButtonCell.swift */ = {isa = PBXFileReference; fileEncoding = 4; lastKnownFileType = sourcecode.swift; path = AddButtonCell.swift; sourceTree = "<group>"; };
		3C44664D1DA3BC86006EA4B7 /* TestViewController.swift */ = {isa = PBXFileReference; fileEncoding = 4; lastKnownFileType = sourcecode.swift; name = TestViewController.swift; path = ../TestViewController.swift; sourceTree = "<group>"; };
		3C4466511DA456D8006EA4B7 /* PlanTripViewController.swift */ = {isa = PBXFileReference; fileEncoding = 4; lastKnownFileType = sourcecode.swift; name = PlanTripViewController.swift; path = ../PlanTripViewController.swift; sourceTree = "<group>"; };
		3C4466531DA4580A006EA4B7 /* Trip.swift */ = {isa = PBXFileReference; fileEncoding = 4; lastKnownFileType = sourcecode.swift; path = Trip.swift; sourceTree = "<group>"; };
		3C603C7E1DCB659E004712EF /* Step.swift */ = {isa = PBXFileReference; fileEncoding = 4; lastKnownFileType = sourcecode.swift; path = Step.swift; sourceTree = "<group>"; };
		3C8F27D11DB7D8AB00BAEEA6 /* MapTasks.swift */ = {isa = PBXFileReference; fileEncoding = 4; lastKnownFileType = sourcecode.swift; path = MapTasks.swift; sourceTree = "<group>"; };
		3C8F27D31DB8145D00BAEEA6 /* InviteFriendsVCViewController.swift */ = {isa = PBXFileReference; fileEncoding = 4; lastKnownFileType = sourcecode.swift; path = InviteFriendsVCViewController.swift; sourceTree = "<group>"; };
		3C8F27D51DB8185100BAEEA6 /* MenuViewController.swift */ = {isa = PBXFileReference; fileEncoding = 4; lastKnownFileType = sourcecode.swift; path = MenuViewController.swift; sourceTree = "<group>"; };
		3C8F27DF1DBAACAD00BAEEA6 /* Directions.swift */ = {isa = PBXFileReference; fileEncoding = 4; lastKnownFileType = sourcecode.swift; path = Directions.swift; sourceTree = "<group>"; };
		3C8F27E11DBAB55300BAEEA6 /* Route.swift */ = {isa = PBXFileReference; fileEncoding = 4; lastKnownFileType = sourcecode.swift; path = Route.swift; sourceTree = "<group>"; };
		3C8F27E31DBAB6C100BAEEA6 /* Leg.swift */ = {isa = PBXFileReference; fileEncoding = 4; lastKnownFileType = sourcecode.swift; path = Leg.swift; sourceTree = "<group>"; };
		3C8F27E51DBAB74000BAEEA6 /* Distance.swift */ = {isa = PBXFileReference; fileEncoding = 4; lastKnownFileType = sourcecode.swift; path = Distance.swift; sourceTree = "<group>"; };
		3C8F27E91DBBB0D400BAEEA6 /* CurrentTripVC.swift */ = {isa = PBXFileReference; fileEncoding = 4; lastKnownFileType = sourcecode.swift; path = CurrentTripVC.swift; sourceTree = "<group>"; };
		3CD828CE1DC91DCE00C9262A /* AnalyzedTrip.swift */ = {isa = PBXFileReference; fileEncoding = 4; lastKnownFileType = sourcecode.swift; path = AnalyzedTrip.swift; sourceTree = "<group>"; };
		3CD828D01DC9264C00C9262A /* StopDetail.swift */ = {isa = PBXFileReference; fileEncoding = 4; lastKnownFileType = sourcecode.swift; path = StopDetail.swift; sourceTree = "<group>"; };
		3CD828D21DC92B5C00C9262A /* GeocodedWaypoint.swift */ = {isa = PBXFileReference; fileEncoding = 4; lastKnownFileType = sourcecode.swift; path = GeocodedWaypoint.swift; sourceTree = "<group>"; };
		3CDB40D61DC9499D00E22FDD /* StartLocation.swift */ = {isa = PBXFileReference; fileEncoding = 4; lastKnownFileType = sourcecode.swift; path = StartLocation.swift; sourceTree = "<group>"; };
		3CDB40D81DCA4C0400E22FDD /* EndLocation.swift */ = {isa = PBXFileReference; fileEncoding = 4; lastKnownFileType = sourcecode.swift; path = EndLocation.swift; sourceTree = "<group>"; };
		3CFC7C151DA04A5D00B3292F /* Multi-Route.app */ = {isa = PBXFileReference; explicitFileType = wrapper.application; includeInIndex = 0; path = "Multi-Route.app"; sourceTree = BUILT_PRODUCTS_DIR; };
		3CFC7C181DA04A5D00B3292F /* AppDelegate.swift */ = {isa = PBXFileReference; lastKnownFileType = sourcecode.swift; path = AppDelegate.swift; sourceTree = "<group>"; };
		3CFC7C1A1DA04A5D00B3292F /* ViewController.swift */ = {isa = PBXFileReference; lastKnownFileType = sourcecode.swift; path = ViewController.swift; sourceTree = "<group>"; };
		3CFC7C1D1DA04A5D00B3292F /* Base */ = {isa = PBXFileReference; lastKnownFileType = file.storyboard; name = Base; path = Base.lproj/Main.storyboard; sourceTree = "<group>"; };
		3CFC7C1F1DA04A5D00B3292F /* Assets.xcassets */ = {isa = PBXFileReference; lastKnownFileType = folder.assetcatalog; path = Assets.xcassets; sourceTree = "<group>"; };
		3CFC7C221DA04A5D00B3292F /* Base */ = {isa = PBXFileReference; lastKnownFileType = file.storyboard; name = Base; path = Base.lproj/LaunchScreen.storyboard; sourceTree = "<group>"; };
		3CFC7C241DA04A5D00B3292F /* Info.plist */ = {isa = PBXFileReference; lastKnownFileType = text.plist.xml; path = Info.plist; sourceTree = "<group>"; };
		3CFC7C291DA04A5E00B3292F /* Multi-RouteTests.xctest */ = {isa = PBXFileReference; explicitFileType = wrapper.cfbundle; includeInIndex = 0; path = "Multi-RouteTests.xctest"; sourceTree = BUILT_PRODUCTS_DIR; };
		3CFC7C2D1DA04A5E00B3292F /* Multi_RouteTests.swift */ = {isa = PBXFileReference; lastKnownFileType = sourcecode.swift; path = Multi_RouteTests.swift; sourceTree = "<group>"; };
		3CFC7C2F1DA04A5E00B3292F /* Info.plist */ = {isa = PBXFileReference; lastKnownFileType = text.plist.xml; path = Info.plist; sourceTree = "<group>"; };
		3CFC7C341DA04A5E00B3292F /* Multi-RouteUITests.xctest */ = {isa = PBXFileReference; explicitFileType = wrapper.cfbundle; includeInIndex = 0; path = "Multi-RouteUITests.xctest"; sourceTree = BUILT_PRODUCTS_DIR; };
		3CFC7C381DA04A5E00B3292F /* Multi_RouteUITests.swift */ = {isa = PBXFileReference; lastKnownFileType = sourcecode.swift; path = Multi_RouteUITests.swift; sourceTree = "<group>"; };
		3CFC7C3A1DA04A5E00B3292F /* Info.plist */ = {isa = PBXFileReference; lastKnownFileType = text.plist.xml; path = Info.plist; sourceTree = "<group>"; };
		3CFE7AEA1DBD83AA0086B6B1 /* MatrixDistance.swift */ = {isa = PBXFileReference; fileEncoding = 4; lastKnownFileType = sourcecode.swift; path = MatrixDistance.swift; sourceTree = "<group>"; };
		3CFE7AEC1DBD93580086B6B1 /* Element.swift */ = {isa = PBXFileReference; fileEncoding = 4; lastKnownFileType = sourcecode.swift; path = Element.swift; sourceTree = "<group>"; };
		3CFE7AEE1DBD942C0086B6B1 /* Row.swift */ = {isa = PBXFileReference; fileEncoding = 4; lastKnownFileType = sourcecode.swift; path = Row.swift; sourceTree = "<group>"; };
		501596893E1344613460B9A6 /* Pods_Multi_Route.framework */ = {isa = PBXFileReference; explicitFileType = wrapper.framework; includeInIndex = 0; path = Pods_Multi_Route.framework; sourceTree = BUILT_PRODUCTS_DIR; };
		EF4C19CF047C0E1BA13269A4 /* Pods-Multi-Route.debug.xcconfig */ = {isa = PBXFileReference; includeInIndex = 1; lastKnownFileType = text.xcconfig; name = "Pods-Multi-Route.debug.xcconfig"; path = "Pods/Target Support Files/Pods-Multi-Route/Pods-Multi-Route.debug.xcconfig"; sourceTree = "<group>"; };
/* End PBXFileReference section */

/* Begin PBXFrameworksBuildPhase section */
		3CFC7C121DA04A5D00B3292F /* Frameworks */ = {
			isa = PBXFrameworksBuildPhase;
			buildActionMask = 2147483647;
			files = (
				A5AB57C9270855792856A194 /* Pods_Multi_Route.framework in Frameworks */,
			);
			runOnlyForDeploymentPostprocessing = 0;
		};
		3CFC7C261DA04A5E00B3292F /* Frameworks */ = {
			isa = PBXFrameworksBuildPhase;
			buildActionMask = 2147483647;
			files = (
			);
			runOnlyForDeploymentPostprocessing = 0;
		};
		3CFC7C311DA04A5E00B3292F /* Frameworks */ = {
			isa = PBXFrameworksBuildPhase;
			buildActionMask = 2147483647;
			files = (
			);
			runOnlyForDeploymentPostprocessing = 0;
		};
/* End PBXFrameworksBuildPhase section */

/* Begin PBXGroup section */
		22A8313E80039A124F8877D4 /* Pods */ = {
			isa = PBXGroup;
			children = (
				EF4C19CF047C0E1BA13269A4 /* Pods-Multi-Route.debug.xcconfig */,
				27242C8CA59CCA45CBFFBB66 /* Pods-Multi-Route.release.xcconfig */,
			);
			name = Pods;
			sourceTree = "<group>";
		};
		3CFC7C0C1DA04A5D00B3292F = {
			isa = PBXGroup;
			children = (
				3CFC7C171DA04A5D00B3292F /* Multi-Route */,
				3CFC7C2C1DA04A5E00B3292F /* Multi-RouteTests */,
				3CFC7C371DA04A5E00B3292F /* Multi-RouteUITests */,
				3CFC7C161DA04A5D00B3292F /* Products */,
				22A8313E80039A124F8877D4 /* Pods */,
				A20FAC0C1BD2ED0C3BE4D576 /* Frameworks */,
			);
			sourceTree = "<group>";
		};
		3CFC7C161DA04A5D00B3292F /* Products */ = {
			isa = PBXGroup;
			children = (
				3CFC7C151DA04A5D00B3292F /* Multi-Route.app */,
				3CFC7C291DA04A5E00B3292F /* Multi-RouteTests.xctest */,
				3CFC7C341DA04A5E00B3292F /* Multi-RouteUITests.xctest */,
			);
			name = Products;
			sourceTree = "<group>";
		};
		3CFC7C171DA04A5D00B3292F /* Multi-Route */ = {
			isa = PBXGroup;
			children = (
				3C8F27D51DB8185100BAEEA6 /* MenuViewController.swift */,
				3C4466511DA456D8006EA4B7 /* PlanTripViewController.swift */,
				3C0C9D861DA8096E00667282 /* PlanTripCellTableViewCell.swift */,
				3C0C9D841DA8000600667282 /* MyTripsViewController.swift */,
				3C4466531DA4580A006EA4B7 /* Trip.swift */,
				3C44664D1DA3BC86006EA4B7 /* TestViewController.swift */,
				3CFC7C181DA04A5D00B3292F /* AppDelegate.swift */,
				3CFC7C1A1DA04A5D00B3292F /* ViewController.swift */,
				3CFC7C1C1DA04A5D00B3292F /* Main.storyboard */,
				3C8F27D31DB8145D00BAEEA6 /* InviteFriendsVCViewController.swift */,
				3C8F27D11DB7D8AB00BAEEA6 /* MapTasks.swift */,
				3C1B4CD71DB412CC00BA9979 /* AddButtonCell.swift */,
				3CFC7C1F1DA04A5D00B3292F /* Assets.xcassets */,
				3CFC7C211DA04A5D00B3292F /* LaunchScreen.storyboard */,
				3CFC7C241DA04A5D00B3292F /* Info.plist */,
				3C8F27DF1DBAACAD00BAEEA6 /* Directions.swift */,
				3C8F27E11DBAB55300BAEEA6 /* Route.swift */,
				3C8F27E31DBAB6C100BAEEA6 /* Leg.swift */,
				3C8F27E51DBAB74000BAEEA6 /* Distance.swift */,
				3C8F27E91DBBB0D400BAEEA6 /* CurrentTripVC.swift */,
				3CFE7AEA1DBD83AA0086B6B1 /* MatrixDistance.swift */,
				3CFE7AEC1DBD93580086B6B1 /* Element.swift */,
				3CFE7AEE1DBD942C0086B6B1 /* Row.swift */,
				3CD828CE1DC91DCE00C9262A /* AnalyzedTrip.swift */,
				3CD828D01DC9264C00C9262A /* StopDetail.swift */,
				3CD828D21DC92B5C00C9262A /* GeocodedWaypoint.swift */,
				3CDB40D61DC9499D00E22FDD /* StartLocation.swift */,
				3CDB40D81DCA4C0400E22FDD /* EndLocation.swift */,
				3C603C7E1DCB659E004712EF /* Step.swift */,
			);
			path = "Multi-Route";
			sourceTree = "<group>";
		};
		3CFC7C2C1DA04A5E00B3292F /* Multi-RouteTests */ = {
			isa = PBXGroup;
			children = (
				3CFC7C2D1DA04A5E00B3292F /* Multi_RouteTests.swift */,
				3CFC7C2F1DA04A5E00B3292F /* Info.plist */,
			);
			path = "Multi-RouteTests";
			sourceTree = "<group>";
		};
		3CFC7C371DA04A5E00B3292F /* Multi-RouteUITests */ = {
			isa = PBXGroup;
			children = (
				3CFC7C381DA04A5E00B3292F /* Multi_RouteUITests.swift */,
				3CFC7C3A1DA04A5E00B3292F /* Info.plist */,
			);
			path = "Multi-RouteUITests";
			sourceTree = "<group>";
		};
		A20FAC0C1BD2ED0C3BE4D576 /* Frameworks */ = {
			isa = PBXGroup;
			children = (
				501596893E1344613460B9A6 /* Pods_Multi_Route.framework */,
			);
			name = Frameworks;
			sourceTree = "<group>";
		};
/* End PBXGroup section */

/* Begin PBXNativeTarget section */
		3CFC7C141DA04A5D00B3292F /* Multi-Route */ = {
			isa = PBXNativeTarget;
			buildConfigurationList = 3CFC7C3D1DA04A5E00B3292F /* Build configuration list for PBXNativeTarget "Multi-Route" */;
			buildPhases = (
				2B2FBAC1B19AC34CCBB4FF8A /* [CP] Check Pods Manifest.lock */,
				3CFC7C111DA04A5D00B3292F /* Sources */,
				3CFC7C121DA04A5D00B3292F /* Frameworks */,
				3CFC7C131DA04A5D00B3292F /* Resources */,
				A678D2C9A626E70A46834866 /* [CP] Embed Pods Frameworks */,
				993D8468CB419E85F5F50573 /* [CP] Copy Pods Resources */,
			);
			buildRules = (
			);
			dependencies = (
			);
			name = "Multi-Route";
			productName = "Multi-Route";
			productReference = 3CFC7C151DA04A5D00B3292F /* Multi-Route.app */;
			productType = "com.apple.product-type.application";
		};
		3CFC7C281DA04A5E00B3292F /* Multi-RouteTests */ = {
			isa = PBXNativeTarget;
			buildConfigurationList = 3CFC7C401DA04A5E00B3292F /* Build configuration list for PBXNativeTarget "Multi-RouteTests" */;
			buildPhases = (
				3CFC7C251DA04A5E00B3292F /* Sources */,
				3CFC7C261DA04A5E00B3292F /* Frameworks */,
				3CFC7C271DA04A5E00B3292F /* Resources */,
			);
			buildRules = (
			);
			dependencies = (
				3CFC7C2B1DA04A5E00B3292F /* PBXTargetDependency */,
			);
			name = "Multi-RouteTests";
			productName = "Multi-RouteTests";
			productReference = 3CFC7C291DA04A5E00B3292F /* Multi-RouteTests.xctest */;
			productType = "com.apple.product-type.bundle.unit-test";
		};
		3CFC7C331DA04A5E00B3292F /* Multi-RouteUITests */ = {
			isa = PBXNativeTarget;
			buildConfigurationList = 3CFC7C431DA04A5E00B3292F /* Build configuration list for PBXNativeTarget "Multi-RouteUITests" */;
			buildPhases = (
				3CFC7C301DA04A5E00B3292F /* Sources */,
				3CFC7C311DA04A5E00B3292F /* Frameworks */,
				3CFC7C321DA04A5E00B3292F /* Resources */,
			);
			buildRules = (
			);
			dependencies = (
				3CFC7C361DA04A5E00B3292F /* PBXTargetDependency */,
			);
			name = "Multi-RouteUITests";
			productName = "Multi-RouteUITests";
			productReference = 3CFC7C341DA04A5E00B3292F /* Multi-RouteUITests.xctest */;
			productType = "com.apple.product-type.bundle.ui-testing";
		};
/* End PBXNativeTarget section */

/* Begin PBXProject section */
		3CFC7C0D1DA04A5D00B3292F /* Project object */ = {
			isa = PBXProject;
			attributes = {
				LastSwiftUpdateCheck = 0800;
				LastUpgradeCheck = 0800;
				ORGANIZATIONNAME = "David Edwards";
				TargetAttributes = {
					3CFC7C141DA04A5D00B3292F = {
						CreatedOnToolsVersion = 8.0;
						ProvisioningStyle = Automatic;
					};
					3CFC7C281DA04A5E00B3292F = {
						CreatedOnToolsVersion = 8.0;
						ProvisioningStyle = Automatic;
						TestTargetID = 3CFC7C141DA04A5D00B3292F;
					};
					3CFC7C331DA04A5E00B3292F = {
						CreatedOnToolsVersion = 8.0;
						ProvisioningStyle = Automatic;
						TestTargetID = 3CFC7C141DA04A5D00B3292F;
					};
				};
			};
			buildConfigurationList = 3CFC7C101DA04A5D00B3292F /* Build configuration list for PBXProject "Multi-Route" */;
			compatibilityVersion = "Xcode 3.2";
			developmentRegion = English;
			hasScannedForEncodings = 0;
			knownRegions = (
				en,
				Base,
			);
			mainGroup = 3CFC7C0C1DA04A5D00B3292F;
			productRefGroup = 3CFC7C161DA04A5D00B3292F /* Products */;
			projectDirPath = "";
			projectRoot = "";
			targets = (
				3CFC7C141DA04A5D00B3292F /* Multi-Route */,
				3CFC7C281DA04A5E00B3292F /* Multi-RouteTests */,
				3CFC7C331DA04A5E00B3292F /* Multi-RouteUITests */,
			);
		};
/* End PBXProject section */

/* Begin PBXResourcesBuildPhase section */
		3CFC7C131DA04A5D00B3292F /* Resources */ = {
			isa = PBXResourcesBuildPhase;
			buildActionMask = 2147483647;
			files = (
				3CFC7C231DA04A5D00B3292F /* LaunchScreen.storyboard in Resources */,
				3CFC7C201DA04A5D00B3292F /* Assets.xcassets in Resources */,
				3CFC7C1E1DA04A5D00B3292F /* Main.storyboard in Resources */,
			);
			runOnlyForDeploymentPostprocessing = 0;
		};
		3CFC7C271DA04A5E00B3292F /* Resources */ = {
			isa = PBXResourcesBuildPhase;
			buildActionMask = 2147483647;
			files = (
			);
			runOnlyForDeploymentPostprocessing = 0;
		};
		3CFC7C321DA04A5E00B3292F /* Resources */ = {
			isa = PBXResourcesBuildPhase;
			buildActionMask = 2147483647;
			files = (
			);
			runOnlyForDeploymentPostprocessing = 0;
		};
/* End PBXResourcesBuildPhase section */

/* Begin PBXShellScriptBuildPhase section */
		2B2FBAC1B19AC34CCBB4FF8A /* [CP] Check Pods Manifest.lock */ = {
			isa = PBXShellScriptBuildPhase;
			buildActionMask = 2147483647;
			files = (
			);
			inputPaths = (
			);
			name = "[CP] Check Pods Manifest.lock";
			outputPaths = (
			);
			runOnlyForDeploymentPostprocessing = 0;
			shellPath = /bin/sh;
			shellScript = "diff \"${PODS_ROOT}/../Podfile.lock\" \"${PODS_ROOT}/Manifest.lock\" > /dev/null\nif [[ $? != 0 ]] ; then\n    cat << EOM\nerror: The sandbox is not in sync with the Podfile.lock. Run 'pod install' or update your CocoaPods installation.\nEOM\n    exit 1\nfi\n";
			showEnvVarsInLog = 0;
		};
		993D8468CB419E85F5F50573 /* [CP] Copy Pods Resources */ = {
			isa = PBXShellScriptBuildPhase;
			buildActionMask = 2147483647;
			files = (
			);
			inputPaths = (
			);
			name = "[CP] Copy Pods Resources";
			outputPaths = (
			);
			runOnlyForDeploymentPostprocessing = 0;
			shellPath = /bin/sh;
			shellScript = "\"${SRCROOT}/Pods/Target Support Files/Pods-Multi-Route/Pods-Multi-Route-resources.sh\"\n";
			showEnvVarsInLog = 0;
		};
		A678D2C9A626E70A46834866 /* [CP] Embed Pods Frameworks */ = {
			isa = PBXShellScriptBuildPhase;
			buildActionMask = 2147483647;
			files = (
			);
			inputPaths = (
			);
			name = "[CP] Embed Pods Frameworks";
			outputPaths = (
			);
			runOnlyForDeploymentPostprocessing = 0;
			shellPath = /bin/sh;
			shellScript = "\"${SRCROOT}/Pods/Target Support Files/Pods-Multi-Route/Pods-Multi-Route-frameworks.sh\"\n";
			showEnvVarsInLog = 0;
		};
/* End PBXShellScriptBuildPhase section */

/* Begin PBXSourcesBuildPhase section */
		3CFC7C111DA04A5D00B3292F /* Sources */ = {
			isa = PBXSourcesBuildPhase;
			buildActionMask = 2147483647;
			files = (
				3C8F27D21DB7D8AB00BAEEA6 /* MapTasks.swift in Sources */,
				3C4466541DA4580A006EA4B7 /* Trip.swift in Sources */,
				3CFE7AED1DBD93580086B6B1 /* Element.swift in Sources */,
				3CFE7AEB1DBD83AA0086B6B1 /* MatrixDistance.swift in Sources */,
				3C8F27E41DBAB6C100BAEEA6 /* Leg.swift in Sources */,
				3C8F27E61DBAB74000BAEEA6 /* Distance.swift in Sources */,
				3C8F27D41DB8145D00BAEEA6 /* InviteFriendsVCViewController.swift in Sources */,
				3C603C7F1DCB659E004712EF /* Step.swift in Sources */,
				3C0C9D871DA8096E00667282 /* PlanTripCellTableViewCell.swift in Sources */,
				3CD828CF1DC91DCE00C9262A /* AnalyzedTrip.swift in Sources */,
				3C8F27E21DBAB55300BAEEA6 /* Route.swift in Sources */,
				3C0C9D851DA8000600667282 /* MyTripsViewController.swift in Sources */,
				3C1B4CD81DB412CC00BA9979 /* AddButtonCell.swift in Sources */,
				3C8F27EA1DBBB0D400BAEEA6 /* CurrentTripVC.swift in Sources */,
				3C8F27D61DB8185100BAEEA6 /* MenuViewController.swift in Sources */,
				3C4466521DA456D8006EA4B7 /* PlanTripViewController.swift in Sources */,
				3CD828D11DC9264C00C9262A /* StopDetail.swift in Sources */,
				3CDB40D71DC9499D00E22FDD /* StartLocation.swift in Sources */,
				3CD828D31DC92B5C00C9262A /* GeocodedWaypoint.swift in Sources */,
				3CFC7C1B1DA04A5D00B3292F /* ViewController.swift in Sources */,
				3C8F27E01DBAACAD00BAEEA6 /* Directions.swift in Sources */,
				3CDB40D91DCA4C0400E22FDD /* EndLocation.swift in Sources */,
				3C44664E1DA3BC86006EA4B7 /* TestViewController.swift in Sources */,
				3CFE7AEF1DBD942C0086B6B1 /* Row.swift in Sources */,
				3CFC7C191DA04A5D00B3292F /* AppDelegate.swift in Sources */,
			);
			runOnlyForDeploymentPostprocessing = 0;
		};
		3CFC7C251DA04A5E00B3292F /* Sources */ = {
			isa = PBXSourcesBuildPhase;
			buildActionMask = 2147483647;
			files = (
				3CFC7C2E1DA04A5E00B3292F /* Multi_RouteTests.swift in Sources */,
			);
			runOnlyForDeploymentPostprocessing = 0;
		};
		3CFC7C301DA04A5E00B3292F /* Sources */ = {
			isa = PBXSourcesBuildPhase;
			buildActionMask = 2147483647;
			files = (
				3CFC7C391DA04A5E00B3292F /* Multi_RouteUITests.swift in Sources */,
			);
			runOnlyForDeploymentPostprocessing = 0;
		};
/* End PBXSourcesBuildPhase section */

/* Begin PBXTargetDependency section */
		3CFC7C2B1DA04A5E00B3292F /* PBXTargetDependency */ = {
			isa = PBXTargetDependency;
			target = 3CFC7C141DA04A5D00B3292F /* Multi-Route */;
			targetProxy = 3CFC7C2A1DA04A5E00B3292F /* PBXContainerItemProxy */;
		};
		3CFC7C361DA04A5E00B3292F /* PBXTargetDependency */ = {
			isa = PBXTargetDependency;
			target = 3CFC7C141DA04A5D00B3292F /* Multi-Route */;
			targetProxy = 3CFC7C351DA04A5E00B3292F /* PBXContainerItemProxy */;
		};
/* End PBXTargetDependency section */

/* Begin PBXVariantGroup section */
		3CFC7C1C1DA04A5D00B3292F /* Main.storyboard */ = {
			isa = PBXVariantGroup;
			children = (
				3CFC7C1D1DA04A5D00B3292F /* Base */,
			);
			name = Main.storyboard;
			sourceTree = "<group>";
		};
		3CFC7C211DA04A5D00B3292F /* LaunchScreen.storyboard */ = {
			isa = PBXVariantGroup;
			children = (
				3CFC7C221DA04A5D00B3292F /* Base */,
			);
			name = LaunchScreen.storyboard;
			sourceTree = "<group>";
		};
/* End PBXVariantGroup section */

/* Begin XCBuildConfiguration section */
		3CFC7C3B1DA04A5E00B3292F /* Debug */ = {
			isa = XCBuildConfiguration;
			buildSettings = {
				ALWAYS_SEARCH_USER_PATHS = NO;
				CLANG_ANALYZER_NONNULL = YES;
				CLANG_CXX_LANGUAGE_STANDARD = "gnu++0x";
				CLANG_CXX_LIBRARY = "libc++";
				CLANG_ENABLE_MODULES = YES;
				CLANG_ENABLE_OBJC_ARC = YES;
				CLANG_WARN_BOOL_CONVERSION = YES;
				CLANG_WARN_CONSTANT_CONVERSION = YES;
				CLANG_WARN_DIRECT_OBJC_ISA_USAGE = YES_ERROR;
				CLANG_WARN_DOCUMENTATION_COMMENTS = YES;
				CLANG_WARN_EMPTY_BODY = YES;
				CLANG_WARN_ENUM_CONVERSION = YES;
				CLANG_WARN_INFINITE_RECURSION = YES;
				CLANG_WARN_INT_CONVERSION = YES;
				CLANG_WARN_OBJC_ROOT_CLASS = YES_ERROR;
				CLANG_WARN_SUSPICIOUS_MOVES = YES;
				CLANG_WARN_UNREACHABLE_CODE = YES;
				CLANG_WARN__DUPLICATE_METHOD_MATCH = YES;
				"CODE_SIGN_IDENTITY[sdk=iphoneos*]" = "iPhone Developer";
				COPY_PHASE_STRIP = NO;
				DEBUG_INFORMATION_FORMAT = dwarf;
				ENABLE_STRICT_OBJC_MSGSEND = YES;
				ENABLE_TESTABILITY = YES;
				GCC_C_LANGUAGE_STANDARD = gnu99;
				GCC_DYNAMIC_NO_PIC = NO;
				GCC_NO_COMMON_BLOCKS = YES;
				GCC_OPTIMIZATION_LEVEL = 0;
				GCC_PREPROCESSOR_DEFINITIONS = (
					"DEBUG=1",
					"$(inherited)",
				);
				GCC_WARN_64_TO_32_BIT_CONVERSION = YES;
				GCC_WARN_ABOUT_RETURN_TYPE = YES_ERROR;
				GCC_WARN_UNDECLARED_SELECTOR = YES;
				GCC_WARN_UNINITIALIZED_AUTOS = YES_AGGRESSIVE;
				GCC_WARN_UNUSED_FUNCTION = YES;
				GCC_WARN_UNUSED_VARIABLE = YES;
				IPHONEOS_DEPLOYMENT_TARGET = 10.0;
				MTL_ENABLE_DEBUG_INFO = YES;
				ONLY_ACTIVE_ARCH = YES;
				SDKROOT = iphoneos;
				SWIFT_ACTIVE_COMPILATION_CONDITIONS = DEBUG;
				SWIFT_OPTIMIZATION_LEVEL = "-Onone";
				TARGETED_DEVICE_FAMILY = "1,2";
			};
			name = Debug;
		};
		3CFC7C3C1DA04A5E00B3292F /* Release */ = {
			isa = XCBuildConfiguration;
			buildSettings = {
				ALWAYS_SEARCH_USER_PATHS = NO;
				CLANG_ANALYZER_NONNULL = YES;
				CLANG_CXX_LANGUAGE_STANDARD = "gnu++0x";
				CLANG_CXX_LIBRARY = "libc++";
				CLANG_ENABLE_MODULES = YES;
				CLANG_ENABLE_OBJC_ARC = YES;
				CLANG_WARN_BOOL_CONVERSION = YES;
				CLANG_WARN_CONSTANT_CONVERSION = YES;
				CLANG_WARN_DIRECT_OBJC_ISA_USAGE = YES_ERROR;
				CLANG_WARN_DOCUMENTATION_COMMENTS = YES;
				CLANG_WARN_EMPTY_BODY = YES;
				CLANG_WARN_ENUM_CONVERSION = YES;
				CLANG_WARN_INFINITE_RECURSION = YES;
				CLANG_WARN_INT_CONVERSION = YES;
				CLANG_WARN_OBJC_ROOT_CLASS = YES_ERROR;
				CLANG_WARN_SUSPICIOUS_MOVES = YES;
				CLANG_WARN_UNREACHABLE_CODE = YES;
				CLANG_WARN__DUPLICATE_METHOD_MATCH = YES;
				"CODE_SIGN_IDENTITY[sdk=iphoneos*]" = "iPhone Developer";
				COPY_PHASE_STRIP = NO;
				DEBUG_INFORMATION_FORMAT = "dwarf-with-dsym";
				ENABLE_NS_ASSERTIONS = NO;
				ENABLE_STRICT_OBJC_MSGSEND = YES;
				GCC_C_LANGUAGE_STANDARD = gnu99;
				GCC_NO_COMMON_BLOCKS = YES;
				GCC_WARN_64_TO_32_BIT_CONVERSION = YES;
				GCC_WARN_ABOUT_RETURN_TYPE = YES_ERROR;
				GCC_WARN_UNDECLARED_SELECTOR = YES;
				GCC_WARN_UNINITIALIZED_AUTOS = YES_AGGRESSIVE;
				GCC_WARN_UNUSED_FUNCTION = YES;
				GCC_WARN_UNUSED_VARIABLE = YES;
				IPHONEOS_DEPLOYMENT_TARGET = 10.0;
				MTL_ENABLE_DEBUG_INFO = NO;
				SDKROOT = iphoneos;
				SWIFT_OPTIMIZATION_LEVEL = "-Owholemodule";
				TARGETED_DEVICE_FAMILY = "1,2";
				VALIDATE_PRODUCT = YES;
			};
			name = Release;
		};
		3CFC7C3E1DA04A5E00B3292F /* Debug */ = {
			isa = XCBuildConfiguration;
			baseConfigurationReference = EF4C19CF047C0E1BA13269A4 /* Pods-Multi-Route.debug.xcconfig */;
			buildSettings = {
				ASSETCATALOG_COMPILER_APPICON_NAME = AppIcon;
				INFOPLIST_FILE = "Multi-Route/Info.plist";
				LD_RUNPATH_SEARCH_PATHS = "$(inherited) @executable_path/Frameworks";
				PRODUCT_BUNDLE_IDENTIFIER = "davidparkeredwards.Multi-Route";
				PRODUCT_NAME = "$(TARGET_NAME)";
				SWIFT_VERSION = 3.0;
			};
			name = Debug;
		};
		3CFC7C3F1DA04A5E00B3292F /* Release */ = {
			isa = XCBuildConfiguration;
			baseConfigurationReference = 27242C8CA59CCA45CBFFBB66 /* Pods-Multi-Route.release.xcconfig */;
			buildSettings = {
				ASSETCATALOG_COMPILER_APPICON_NAME = AppIcon;
				INFOPLIST_FILE = "Multi-Route/Info.plist";
				LD_RUNPATH_SEARCH_PATHS = "$(inherited) @executable_path/Frameworks";
				PRODUCT_BUNDLE_IDENTIFIER = "davidparkeredwards.Multi-Route";
				PRODUCT_NAME = "$(TARGET_NAME)";
				SWIFT_VERSION = 3.0;
			};
			name = Release;
		};
		3CFC7C411DA04A5E00B3292F /* Debug */ = {
			isa = XCBuildConfiguration;
			buildSettings = {
				ALWAYS_EMBED_SWIFT_STANDARD_LIBRARIES = YES;
				BUNDLE_LOADER = "$(TEST_HOST)";
				INFOPLIST_FILE = "Multi-RouteTests/Info.plist";
				LD_RUNPATH_SEARCH_PATHS = "$(inherited) @executable_path/Frameworks @loader_path/Frameworks";
				PRODUCT_BUNDLE_IDENTIFIER = "davidparkeredwards.Multi-RouteTests";
				PRODUCT_NAME = "$(TARGET_NAME)";
				SWIFT_VERSION = 3.0;
				TEST_HOST = "$(BUILT_PRODUCTS_DIR)/Multi-Route.app/Multi-Route";
			};
			name = Debug;
		};
		3CFC7C421DA04A5E00B3292F /* Release */ = {
			isa = XCBuildConfiguration;
			buildSettings = {
				ALWAYS_EMBED_SWIFT_STANDARD_LIBRARIES = YES;
				BUNDLE_LOADER = "$(TEST_HOST)";
				INFOPLIST_FILE = "Multi-RouteTests/Info.plist";
				LD_RUNPATH_SEARCH_PATHS = "$(inherited) @executable_path/Frameworks @loader_path/Frameworks";
				PRODUCT_BUNDLE_IDENTIFIER = "davidparkeredwards.Multi-RouteTests";
				PRODUCT_NAME = "$(TARGET_NAME)";
				SWIFT_VERSION = 3.0;
				TEST_HOST = "$(BUILT_PRODUCTS_DIR)/Multi-Route.app/Multi-Route";
			};
			name = Release;
		};
		3CFC7C441DA04A5E00B3292F /* Debug */ = {
			isa = XCBuildConfiguration;
			buildSettings = {
				ALWAYS_EMBED_SWIFT_STANDARD_LIBRARIES = YES;
				INFOPLIST_FILE = "Multi-RouteUITests/Info.plist";
				LD_RUNPATH_SEARCH_PATHS = "$(inherited) @executable_path/Frameworks @loader_path/Frameworks";
				PRODUCT_BUNDLE_IDENTIFIER = "davidparkeredwards.Multi-RouteUITests";
				PRODUCT_NAME = "$(TARGET_NAME)";
				SWIFT_VERSION = 3.0;
				TEST_TARGET_NAME = "Multi-Route";
			};
			name = Debug;
		};
		3CFC7C451DA04A5E00B3292F /* Release */ = {
			isa = XCBuildConfiguration;
			buildSettings = {
				ALWAYS_EMBED_SWIFT_STANDARD_LIBRARIES = YES;
				INFOPLIST_FILE = "Multi-RouteUITests/Info.plist";
				LD_RUNPATH_SEARCH_PATHS = "$(inherited) @executable_path/Frameworks @loader_path/Frameworks";
				PRODUCT_BUNDLE_IDENTIFIER = "davidparkeredwards.Multi-RouteUITests";
				PRODUCT_NAME = "$(TARGET_NAME)";
				SWIFT_VERSION = 3.0;
				TEST_TARGET_NAME = "Multi-Route";
			};
			name = Release;
		};
/* End XCBuildConfiguration section */

/* Begin XCConfigurationList section */
		3CFC7C101DA04A5D00B3292F /* Build configuration list for PBXProject "Multi-Route" */ = {
			isa = XCConfigurationList;
			buildConfigurations = (
				3CFC7C3B1DA04A5E00B3292F /* Debug */,
				3CFC7C3C1DA04A5E00B3292F /* Release */,
			);
			defaultConfigurationIsVisible = 0;
			defaultConfigurationName = Release;
		};
		3CFC7C3D1DA04A5E00B3292F /* Build configuration list for PBXNativeTarget "Multi-Route" */ = {
			isa = XCConfigurationList;
			buildConfigurations = (
				3CFC7C3E1DA04A5E00B3292F /* Debug */,
				3CFC7C3F1DA04A5E00B3292F /* Release */,
			);
			defaultConfigurationIsVisible = 0;
			defaultConfigurationName = Release;
		};
		3CFC7C401DA04A5E00B3292F /* Build configuration list for PBXNativeTarget "Multi-RouteTests" */ = {
			isa = XCConfigurationList;
			buildConfigurations = (
				3CFC7C411DA04A5E00B3292F /* Debug */,
				3CFC7C421DA04A5E00B3292F /* Release */,
			);
			defaultConfigurationIsVisible = 0;
			defaultConfigurationName = Release;
		};
		3CFC7C431DA04A5E00B3292F /* Build configuration list for PBXNativeTarget "Multi-RouteUITests" */ = {
			isa = XCConfigurationList;
			buildConfigurations = (
				3CFC7C441DA04A5E00B3292F /* Debug */,
				3CFC7C451DA04A5E00B3292F /* Release */,
			);
			defaultConfigurationIsVisible = 0;
			defaultConfigurationName = Release;
		};
/* End XCConfigurationList section */
	};
	rootObject = 3CFC7C0D1DA04A5D00B3292F /* Project object */;
}
